
Microsoft Visual Studio Solution File, Format Version 12.00
# Visual Studio Version 17
VisualStudioVersion = 17.14.36408.4 d17.14
MinimumVisualStudioVersion = 10.0.40219.1
Project("{FAE04EC0-301F-11D3-BF4B-00C04F79EFBC}") = "IceCreamSalesReport", "IceCreamSalesReport.csproj", "{7525C782-2922-454E-B4A1-6A8077D4C581}"
EndProject
Global
	GlobalSection(SolutionConfigurationPlatforms) = preSolution
		Debug|Any CPU = Debug|Any CPU
		Release|Any CPU = Release|Any CPU
	EndGlobalSection
	GlobalSection(ProjectConfigurationPlatforms) = postSolution
		{7525C782-2922-454E-B4A1-6A8077D4C581}.Debug|Any CPU.ActiveCfg = Debug|Any CPU
		{7525C782-2922-454E-B4A1-6A8077D4C581}.Debug|Any CPU.Build.0 = Debug|Any CPU
		{7525C782-2922-454E-B4A1-6A8077D4C581}.Release|Any CPU.ActiveCfg = Release|Any CPU
		{7525C782-2922-454E-B4A1-6A8077D4C581}.Release|Any CPU.Build.0 = Release|Any CPU
	EndGlobalSection
	GlobalSection(SolutionProperties) = preSolution
		HideSolutionNode = FALSE
	EndGlobalSection
	GlobalSection(ExtensibilityGlobals) = postSolution
		SolutionGuid = {37003F48-B46F-4368-B5D1-76E4F9E66656}
	EndGlobalSection
EndGlobal
